
Microsoft Visual Studio Solution File, Format Version 12.00
# Visual Studio Version 17
VisualStudioVersion = 17.3.32929.385
MinimumVisualStudioVersion = 10.0.40219.1
Project("{FAE04EC0-301F-11D3-BF4B-00C04F79EFBC}") = "chisocannang", "chisocannang.csproj", "{670EC103-7ABA-475F-A683-EE63296BAECC}"
EndProject
Global
	GlobalSection(SolutionConfigurationPlatforms) = preSolution
		Debug|Any CPU = Debug|Any CPU
		Release|Any CPU = Release|Any CPU
	EndGlobalSection
	GlobalSection(ProjectConfigurationPlatforms) = postSolution
		{670EC103-7ABA-475F-A683-EE63296BAECC}.Debug|Any CPU.ActiveCfg = Debug|Any CPU
		{670EC103-7ABA-475F-A683-EE63296BAECC}.Debug|Any CPU.Build.0 = Debug|Any CPU
		{670EC103-7ABA-475F-A683-EE63296BAECC}.Release|Any CPU.ActiveCfg = Release|Any CPU
		{670EC103-7ABA-475F-A683-EE63296BAECC}.Release|Any CPU.Build.0 = Release|Any CPU
	EndGlobalSection
	GlobalSection(SolutionProperties) = preSolution
		HideSolutionNode = FALSE
	EndGlobalSection
	GlobalSection(ExtensibilityGlobals) = postSolution
		SolutionGuid = {3A379F80-FC5F-43B0-A38E-5CF87589A603}
	EndGlobalSection
EndGlobal
